{
  "pins" : [
    {
      "identity" : "purchases-ios",
      "kind" : "remoteSourceControl",
      "location" : "https://github.com/RevenueCat/purchases-ios",
      "state" : {
        "revision" : "cd4a886b52425428aae13c90435bc9268cba5bad",
        "version" : "4.26.0-beta.2"
      }
    }
  ],
  "version" : 2
}
